{
  "originHash" : "4521efb70cf376750c0c5f85d47e330bc42add9e19feff7585191c57df76b4e1",
  "pins" : [
    {
      "identity" : "commander",
      "kind" : "remoteSourceControl",
      "location" : "https://github.com/steipete/Commander.git",
      "state" : {
        "revision" : "3f5a3cb1f19ce7ca79fdc2111a09dfb3da200c1c",
        "version" : "0.3.0"
      }
    },
    {
      "identity" : "csqlite",
      "kind" : "remoteSourceControl",
      "location" : "https://github.com/stephencelis/CSQLite",
      "state" : {
        "revision" : "8ad83035460a3d1029a2c5a0cca4f980297a9ca2",
        "version" : "3.53.3"
      }
    },
    {
      "identity" : "phonenumberkit",
      "kind" : "remoteSourceControl",
      "location" : "https://github.com/PhoneNumberKit/PhoneNumberKit.git",
      "state" : {
        "revision" : "38783049b71a4f774843341baa7ef5f4ceecfcaf",
        "version" : "5.0.10"
      }
    },
    {
      "identity" : "sqlite.swift",
      "kind" : "remoteSourceControl",
      "location" : "https://github.com/stephencelis/SQLite.swift.git",
      "state" : {
        "revision" : "964c300fb0736699ce945c9edb56ecd62eba27a3",
        "version" : "0.16.0"
      }
    }
  ],
  "version" : 3
}
